
Microsoft Visual Studio Solution File, Format Version 12.00
# Visual Studio Version 17
VisualStudioVersion = 17.3.32901.215
MinimumVisualStudioVersion = 10.0.40219.1
Project("{9A19103F-16F7-4668-BE54-9A1E7A4F7556}") = "OpenWeatherAPIProject", "OpenWeatherAPIProject.csproj", "{BA3A2333-8BA2-47F7-BB0C-3351CA596EA6}"
EndProject
Project("{FAE04EC0-301F-11D3-BF4B-00C04F79EFBC}") = "WeatherAPI", "..\WeatherAPI\WeatherAPI.csproj", "{05EF193F-1C87-40EB-BC58-AFFFABB6E88F}"
EndProject
Global
	GlobalSection(SolutionConfigurationPlatforms) = preSolution
		Debug|Any CPU = Debug|Any CPU
		Release|Any CPU = Release|Any CPU
	EndGlobalSection
	GlobalSection(ProjectConfigurationPlatforms) = postSolution
		{BA3A2333-8BA2-47F7-BB0C-3351CA596EA6}.Debug|Any CPU.ActiveCfg = Debug|Any CPU
		{BA3A2333-8BA2-47F7-BB0C-3351CA596EA6}.Debug|Any CPU.Build.0 = Debug|Any CPU
		{BA3A2333-8BA2-47F7-BB0C-3351CA596EA6}.Release|Any CPU.ActiveCfg = Release|Any CPU
		{BA3A2333-8BA2-47F7-BB0C-3351CA596EA6}.Release|Any CPU.Build.0 = Release|Any CPU
		{05EF193F-1C87-40EB-BC58-AFFFABB6E88F}.Debug|Any CPU.ActiveCfg = Debug|Any CPU
		{05EF193F-1C87-40EB-BC58-AFFFABB6E88F}.Debug|Any CPU.Build.0 = Debug|Any CPU
		{05EF193F-1C87-40EB-BC58-AFFFABB6E88F}.Release|Any CPU.ActiveCfg = Release|Any CPU
		{05EF193F-1C87-40EB-BC58-AFFFABB6E88F}.Release|Any CPU.Build.0 = Release|Any CPU
	EndGlobalSection
	GlobalSection(SolutionProperties) = preSolution
		HideSolutionNode = FALSE
	EndGlobalSection
	GlobalSection(ExtensibilityGlobals) = postSolution
		SolutionGuid = {339B3223-A5B5-4905-80A3-3C852DB973E9}
	EndGlobalSection
EndGlobal
